
Microsoft Visual Studio Solution File, Format Version 12.00
# Visual Studio Version 17
VisualStudioVersion = 17.10.35004.147
MinimumVisualStudioVersion = 10.0.40219.1
Project("{9A19103F-16F7-4668-BE54-9A1E7A4F7556}") = "project_pizzaria_newbyte", "project_pizzaria_newbyte\project_pizzaria_newbyte.csproj", "{97458CFF-ABB4-43A9-9FA5-9EEB6F5CF069}"
EndProject
Global
	GlobalSection(SolutionConfigurationPlatforms) = preSolution
		Debug|Any CPU = Debug|Any CPU
		Release|Any CPU = Release|Any CPU
	EndGlobalSection
	GlobalSection(ProjectConfigurationPlatforms) = postSolution
		{97458CFF-ABB4-43A9-9FA5-9EEB6F5CF069}.Debug|Any CPU.ActiveCfg = Debug|Any CPU
		{97458CFF-ABB4-43A9-9FA5-9EEB6F5CF069}.Debug|Any CPU.Build.0 = Debug|Any CPU
		{97458CFF-ABB4-43A9-9FA5-9EEB6F5CF069}.Release|Any CPU.ActiveCfg = Release|Any CPU
		{97458CFF-ABB4-43A9-9FA5-9EEB6F5CF069}.Release|Any CPU.Build.0 = Release|Any CPU
	EndGlobalSection
	GlobalSection(SolutionProperties) = preSolution
		HideSolutionNode = FALSE
	EndGlobalSection
	GlobalSection(ExtensibilityGlobals) = postSolution
		SolutionGuid = {51A145F7-F4DE-46B5-BB1D-1CB9A3232EB1}
	EndGlobalSection
EndGlobal
